
Microsoft Visual Studio Solution File, Format Version 12.00
# Visual Studio Version 16
VisualStudioVersion = 16.0.30011.22
MinimumVisualStudioVersion = 10.0.40219.1
Project("{9A19103F-16F7-4668-BE54-9A1E7A4F7556}") = "SLC.MicroService.AccountManager.Service", "SLC.MicroService.AccountManager.Service\SLC.MicroService.AccountManager.Service.csproj", "{5E5786B2-CA7C-49C4-AC37-C76CBBD17AD7}"
EndProject
Project("{FAE04EC0-301F-11D3-BF4B-00C04F79EFBC}") = "AccountManager", "AccountManager\AccountManager.csproj", "{EA062FE3-7980-480A-8910-9C2DAE2C21B5}"
EndProject
Global
	GlobalSection(SolutionConfigurationPlatforms) = preSolution
		Debug|Any CPU = Debug|Any CPU
		Release|Any CPU = Release|Any CPU
	EndGlobalSection
	GlobalSection(ProjectConfigurationPlatforms) = postSolution
		{5E5786B2-CA7C-49C4-AC37-C76CBBD17AD7}.Debug|Any CPU.ActiveCfg = Debug|Any CPU
		{5E5786B2-CA7C-49C4-AC37-C76CBBD17AD7}.Debug|Any CPU.Build.0 = Debug|Any CPU
		{5E5786B2-CA7C-49C4-AC37-C76CBBD17AD7}.Release|Any CPU.ActiveCfg = Release|Any CPU
		{5E5786B2-CA7C-49C4-AC37-C76CBBD17AD7}.Release|Any CPU.Build.0 = Release|Any CPU
		{EA062FE3-7980-480A-8910-9C2DAE2C21B5}.Debug|Any CPU.ActiveCfg = Debug|Any CPU
		{EA062FE3-7980-480A-8910-9C2DAE2C21B5}.Debug|Any CPU.Build.0 = Debug|Any CPU
		{EA062FE3-7980-480A-8910-9C2DAE2C21B5}.Release|Any CPU.ActiveCfg = Release|Any CPU
		{EA062FE3-7980-480A-8910-9C2DAE2C21B5}.Release|Any CPU.Build.0 = Release|Any CPU
	EndGlobalSection
	GlobalSection(SolutionProperties) = preSolution
		HideSolutionNode = FALSE
	EndGlobalSection
	GlobalSection(ExtensibilityGlobals) = postSolution
		SolutionGuid = {EF3BCAA3-B8AF-4F4F-936F-587820B598F7}
	EndGlobalSection
EndGlobal
